
Microsoft Visual Studio Solution File, Format Version 12.00
# Visual Studio 15
VisualStudioVersion = 15.0.28307.168
MinimumVisualStudioVersion = 10.0.40219.1
Project("{FAE04EC0-301F-11D3-BF4B-00C04F79EFBC}") = "PokerService", "PokerService\PokerService.csproj", "{6A8E8F1A-5E67-4895-84B3-D01FE45399CD}"
EndProject
Global
	GlobalSection(SolutionConfigurationPlatforms) = preSolution
		Debug|Any CPU = Debug|Any CPU
		Release|Any CPU = Release|Any CPU
	EndGlobalSection
	GlobalSection(ProjectConfigurationPlatforms) = postSolution
		{6A8E8F1A-5E67-4895-84B3-D01FE45399CD}.Debug|Any CPU.ActiveCfg = Debug|Any CPU
		{6A8E8F1A-5E67-4895-84B3-D01FE45399CD}.Debug|Any CPU.Build.0 = Debug|Any CPU
		{6A8E8F1A-5E67-4895-84B3-D01FE45399CD}.Release|Any CPU.ActiveCfg = Release|Any CPU
		{6A8E8F1A-5E67-4895-84B3-D01FE45399CD}.Release|Any CPU.Build.0 = Release|Any CPU
	EndGlobalSection
	GlobalSection(SolutionProperties) = preSolution
		HideSolutionNode = FALSE
	EndGlobalSection
	GlobalSection(ExtensibilityGlobals) = postSolution
		SolutionGuid = {307BF7A3-5F11-40F6-9443-2828E17E70E8}
	EndGlobalSection
EndGlobal
